// !$*UTF8*$!
{
	archiveVersion = 1;
	classes = {
	};
	objectVersion = 51;
	objects = {

/* Begin PBXBuildFile section */
		09E40AAFDC5E3E7459C14285 /* Pods_NewsApp.framework in Frameworks */ = {isa = PBXBuildFile; fileRef = 847E9F887BFA5F3206E4B13A /* Pods_NewsApp.framework */; };
		5A7A54A926C144EE0015CA43 /* AppDelegate.swift in Sources */ = {isa = PBXBuildFile; fileRef = 5A7A54A826C144EE0015CA43 /* AppDelegate.swift */; };
		5A7A54B226C144F30015CA43 /* Icons.xcassets in Resources */ = {isa = PBXBuildFile; fileRef = 5A7A54B126C144F30015CA43 /* Icons.xcassets */; };
		5A7A54B526C144F30015CA43 /* LaunchScreen.storyboard in Resources */ = {isa = PBXBuildFile; fileRef = 5A7A54B326C144F30015CA43 /* LaunchScreen.storyboard */; };
		F41B09A026C1858F0076211A /* MainRouter.swift in Sources */ = {isa = PBXBuildFile; fileRef = F41B099F26C1858F0076211A /* MainRouter.swift */; };
		F41C516B26C165C40061D188 /* Colors.xcassets in Resources */ = {isa = PBXBuildFile; fileRef = F41C516A26C165C40061D188 /* Colors.xcassets */; };
		F41C517326C166DA0061D188 /* .swiftlint.yml in Resources */ = {isa = PBXBuildFile; fileRef = F41C517226C166DA0061D188 /* .swiftlint.yml */; };
		F41C517826C167DB0061D188 /* HTTPMethod.swift in Sources */ = {isa = PBXBuildFile; fileRef = F41C517626C167DB0061D188 /* HTTPMethod.swift */; };
		F41C517926C167DB0061D188 /* APIResult.swift in Sources */ = {isa = PBXBuildFile; fileRef = F41C517726C167DB0061D188 /* APIResult.swift */; };
		F41C517B26C167E70061D188 /* NetworkManager.swift in Sources */ = {isa = PBXBuildFile; fileRef = F41C517A26C167E70061D188 /* NetworkManager.swift */; };
		F41C517D26C168210061D188 /* NewsAPIEnvironmentPath.swift in Sources */ = {isa = PBXBuildFile; fileRef = F41C517C26C168210061D188 /* NewsAPIEnvironmentPath.swift */; };
		F41C517F26C1685A0061D188 /* EndPointRouter.swift in Sources */ = {isa = PBXBuildFile; fileRef = F41C517E26C1685A0061D188 /* EndPointRouter.swift */; };
		F41C518926C16D830061D188 /* OnboardingVC.swift in Sources */ = {isa = PBXBuildFile; fileRef = F41C518726C16D830061D188 /* OnboardingVC.swift */; };
		F41C518A26C16D830061D188 /* OnboardingVC.xib in Resources */ = {isa = PBXBuildFile; fileRef = F41C518826C16D830061D188 /* OnboardingVC.xib */; };
		F41C519326C16D9B0061D188 /* BaseWireframe.swift in Sources */ = {isa = PBXBuildFile; fileRef = F41C519126C16D9B0061D188 /* BaseWireframe.swift */; };
		F41C519826C16DF10061D188 /* ProgressDisplayer.swift in Sources */ = {isa = PBXBuildFile; fileRef = F41C519526C16DF00061D188 /* ProgressDisplayer.swift */; };
		F41C519926C16DF10061D188 /* Navbar.swift in Sources */ = {isa = PBXBuildFile; fileRef = F41C519626C16DF10061D188 /* Navbar.swift */; };
		F41C519A26C16DF10061D188 /* AlertDisplayer.swift in Sources */ = {isa = PBXBuildFile; fileRef = F41C519726C16DF10061D188 /* AlertDisplayer.swift */; };
		F41C51A026C16E3D0061D188 /* SelfResizingTableView.swift in Sources */ = {isa = PBXBuildFile; fileRef = F41C519C26C16E3D0061D188 /* SelfResizingTableView.swift */; };
		F41C51A126C16E3D0061D188 /* SelfResizingCollectionView.swift in Sources */ = {isa = PBXBuildFile; fileRef = F41C519D26C16E3D0061D188 /* SelfResizingCollectionView.swift */; };
		F41C51A226C16E3D0061D188 /* UserDataManager.swift in Sources */ = {isa = PBXBuildFile; fileRef = F41C519E26C16E3D0061D188 /* UserDataManager.swift */; };
		F41C51A326C16E3D0061D188 /* NibLoadingView.swift in Sources */ = {isa = PBXBuildFile; fileRef = F41C519F26C16E3D0061D188 /* NibLoadingView.swift */; };
		F41C51AA26C16E670061D188 /* UIImageView+Extension.swift in Sources */ = {isa = PBXBuildFile; fileRef = F41C51A426C16E670061D188 /* UIImageView+Extension.swift */; };
		F41C51AB26C16E670061D188 /* UIView+Extension.swift in Sources */ = {isa = PBXBuildFile; fileRef = F41C51A526C16E670061D188 /* UIView+Extension.swift */; };
		F41C51AC26C16E670061D188 /* UICollectionView+Extensions.swift in Sources */ = {isa = PBXBuildFile; fileRef = F41C51A626C16E670061D188 /* UICollectionView+Extensions.swift */; };
		F41C51AD26C16E670061D188 /* UITableView+Extensions.swift in Sources */ = {isa = PBXBuildFile; fileRef = F41C51A726C16E670061D188 /* UITableView+Extensions.swift */; };
		F41C51AE26C16E670061D188 /* Date+Extension.swift in Sources */ = {isa = PBXBuildFile; fileRef = F41C51A826C16E670061D188 /* Date+Extension.swift */; };
		F41C51AF26C16E670061D188 /* UIFont+Extension.swift in Sources */ = {isa = PBXBuildFile; fileRef = F41C51A926C16E670061D188 /* UIFont+Extension.swift */; };
		F41C51C826C16F4C0061D188 /* LoadingView.swift in Sources */ = {isa = PBXBuildFile; fileRef = F41C51C726C16F4C0061D188 /* LoadingView.swift */; };
		F482ADDB26C205C7002DF570 /* SF-Pro-Text-RegularItalic.otf in Resources */ = {isa = PBXBuildFile; fileRef = F41C51C126C16ECD0061D188 /* SF-Pro-Text-RegularItalic.otf */; };
		F482ADDC26C205C7002DF570 /* SF-Pro-Text-SemiboldItalic.otf in Resources */ = {isa = PBXBuildFile; fileRef = F41C51B526C16ECB0061D188 /* SF-Pro-Text-SemiboldItalic.otf */; };
		F482ADDD26C205C7002DF570 /* SF-Pro-Text-Black.otf in Resources */ = {isa = PBXBuildFile; fileRef = F41C51BE26C16ECC0061D188 /* SF-Pro-Text-Black.otf */; };
		F482ADDE26C205C7002DF570 /* SF-Pro-Text-Heavy.otf in Resources */ = {isa = PBXBuildFile; fileRef = F41C51C426C16ECD0061D188 /* SF-Pro-Text-Heavy.otf */; };
		F482ADDF26C205C7002DF570 /* SF-Pro-Text-Medium.otf in Resources */ = {isa = PBXBuildFile; fileRef = F41C51C526C16ECE0061D188 /* SF-Pro-Text-Medium.otf */; };
		F482ADE026C205C7002DF570 /* SF-Pro-Text-Ultralight.otf in Resources */ = {isa = PBXBuildFile; fileRef = F41C51C226C16ECD0061D188 /* SF-Pro-Text-Ultralight.otf */; };
		F482ADE126C205C7002DF570 /* SF-Pro-Text-UltralightItalic.otf in Resources */ = {isa = PBXBuildFile; fileRef = F41C51C326C16ECD0061D188 /* SF-Pro-Text-UltralightItalic.otf */; };
		F482ADE226C205C7002DF570 /* SF-Pro-Text-Regular.otf in Resources */ = {isa = PBXBuildFile; fileRef = F41C51B926C16ECC0061D188 /* SF-Pro-Text-Regular.otf */; };
		F482ADE326C205C7002DF570 /* SF-Pro-Text-Semibold.otf in Resources */ = {isa = PBXBuildFile; fileRef = F41C51B626C16ECB0061D188 /* SF-Pro-Text-Semibold.otf */; };
		F482ADE426C205C7002DF570 /* SF-Pro-Text-ThinItalic.otf in Resources */ = {isa = PBXBuildFile; fileRef = F41C51BF26C16ECD0061D188 /* SF-Pro-Text-ThinItalic.otf */; };
		F482ADE526C205C7002DF570 /* SF-Pro-Text-Bold.otf in Resources */ = {isa = PBXBuildFile; fileRef = F41C51B726C16ECB0061D188 /* SF-Pro-Text-Bold.otf */; };
		F482ADE626C205C7002DF570 /* SF-Pro-Text-BoldItalic.otf in Resources */ = {isa = PBXBuildFile; fileRef = F41C51BC26C16ECC0061D188 /* SF-Pro-Text-BoldItalic.otf */; };
		F482ADE726C205C7002DF570 /* SF-Pro-Text-MediumItalic.otf in Resources */ = {isa = PBXBuildFile; fileRef = F41C51C026C16ECD0061D188 /* SF-Pro-Text-MediumItalic.otf */; };
		F482ADE826C205C7002DF570 /* SF-Pro-Text-Thin.otf in Resources */ = {isa = PBXBuildFile; fileRef = F41C51B426C16ECB0061D188 /* SF-Pro-Text-Thin.otf */; };
		F482ADE926C205C7002DF570 /* SF-Pro-Text-HeavyItalic.otf in Resources */ = {isa = PBXBuildFile; fileRef = F41C51BD26C16ECC0061D188 /* SF-Pro-Text-HeavyItalic.otf */; };
		F482ADEA26C205C7002DF570 /* SF-Pro-Text-Light.otf in Resources */ = {isa = PBXBuildFile; fileRef = F41C51BA26C16ECC0061D188 /* SF-Pro-Text-Light.otf */; };
		F482ADEB26C205C7002DF570 /* SF-Pro-Text-LightItalic.otf in Resources */ = {isa = PBXBuildFile; fileRef = F41C51BB26C16ECC0061D188 /* SF-Pro-Text-LightItalic.otf */; };
		F482ADEC26C205C7002DF570 /* SF-Pro-Text-BlackItalic.otf in Resources */ = {isa = PBXBuildFile; fileRef = F41C51B826C16ECC0061D188 /* SF-Pro-Text-BlackItalic.otf */; };
		F4E4E41B26C18FFB00997754 /* OnboardingProtocols.swift in Sources */ = {isa = PBXBuildFile; fileRef = F4E4E41A26C18FFB00997754 /* OnboardingProtocols.swift */; };
		F4E4E41D26C1916C00997754 /* OnboardingPresenter.swift in Sources */ = {isa = PBXBuildFile; fileRef = F4E4E41C26C1916C00997754 /* OnboardingPresenter.swift */; };
		F4E4E41F26C1918800997754 /* OnboardingRouter.swift in Sources */ = {isa = PBXBuildFile; fileRef = F4E4E41E26C1918800997754 /* OnboardingRouter.swift */; };
		F4E4E42926C1B0E400997754 /* HeadlinesVC.swift in Sources */ = {isa = PBXBuildFile; fileRef = F4E4E42726C1B0E400997754 /* HeadlinesVC.swift */; };
		F4E4E42A26C1B0E400997754 /* HeadlinesVC.xib in Resources */ = {isa = PBXBuildFile; fileRef = F4E4E42826C1B0E400997754 /* HeadlinesVC.xib */; };
		F4E4E42C26C1BCA900997754 /* HeadlinesProtocols.swift in Sources */ = {isa = PBXBuildFile; fileRef = F4E4E42B26C1BCA900997754 /* HeadlinesProtocols.swift */; };
		F4E4E42E26C1BE3200997754 /* NewsModel.swift in Sources */ = {isa = PBXBuildFile; fileRef = F4E4E42D26C1BE3200997754 /* NewsModel.swift */; };
		F4E4E43126C1C09A00997754 /* HeadlineCell.swift in Sources */ = {isa = PBXBuildFile; fileRef = F4E4E42F26C1C09A00997754 /* HeadlineCell.swift */; };
		F4E4E43226C1C09A00997754 /* HeadlineCell.xib in Resources */ = {isa = PBXBuildFile; fileRef = F4E4E43026C1C09A00997754 /* HeadlineCell.xib */; };
		F4E4E43426C1C55500997754 /* HeadlinesPresenter.swift in Sources */ = {isa = PBXBuildFile; fileRef = F4E4E43326C1C55500997754 /* HeadlinesPresenter.swift */; };
		F4E4E43626C1C75F00997754 /* HeadlinesInteractor.swift in Sources */ = {isa = PBXBuildFile; fileRef = F4E4E43526C1C75F00997754 /* HeadlinesInteractor.swift */; };
		F4E4E43826C1C98400997754 /* HeadlinesRouter.swift in Sources */ = {isa = PBXBuildFile; fileRef = F4E4E43726C1C98400997754 /* HeadlinesRouter.swift */; };
/* End PBXBuildFile section */

/* Begin PBXFileReference section */
		10563487B2ACECFC96C3AB57 /* Pods-NewsApp.release.xcconfig */ = {isa = PBXFileReference; includeInIndex = 1; lastKnownFileType = text.xcconfig; name = "Pods-NewsApp.release.xcconfig"; path = "Target Support Files/Pods-NewsApp/Pods-NewsApp.release.xcconfig"; sourceTree = "<group>"; };
		1311AA432D6E5D9F34E519EB /* Pods-NewsApp.debug.xcconfig */ = {isa = PBXFileReference; includeInIndex = 1; lastKnownFileType = text.xcconfig; name = "Pods-NewsApp.debug.xcconfig"; path = "Target Support Files/Pods-NewsApp/Pods-NewsApp.debug.xcconfig"; sourceTree = "<group>"; };
		5A7A54A526C144EE0015CA43 /* NewsApp.app */ = {isa = PBXFileReference; explicitFileType = wrapper.application; includeInIndex = 0; path = NewsApp.app; sourceTree = BUILT_PRODUCTS_DIR; };
		5A7A54A826C144EE0015CA43 /* AppDelegate.swift */ = {isa = PBXFileReference; lastKnownFileType = sourcecode.swift; path = AppDelegate.swift; sourceTree = "<group>"; };
		5A7A54B126C144F30015CA43 /* Icons.xcassets */ = {isa = PBXFileReference; lastKnownFileType = folder.assetcatalog; path = Icons.xcassets; sourceTree = "<group>"; };
		5A7A54B426C144F30015CA43 /* Base */ = {isa = PBXFileReference; lastKnownFileType = file.storyboard; name = Base; path = Base.lproj/LaunchScreen.storyboard; sourceTree = "<group>"; };
		5A7A54B626C144F30015CA43 /* Info.plist */ = {isa = PBXFileReference; lastKnownFileType = text.plist.xml; path = Info.plist; sourceTree = "<group>"; };
		847E9F887BFA5F3206E4B13A /* Pods_NewsApp.framework */ = {isa = PBXFileReference; explicitFileType = wrapper.framework; includeInIndex = 0; path = Pods_NewsApp.framework; sourceTree = BUILT_PRODUCTS_DIR; };
		F41B099F26C1858F0076211A /* MainRouter.swift */ = {isa = PBXFileReference; fileEncoding = 4; lastKnownFileType = sourcecode.swift; path = MainRouter.swift; sourceTree = "<group>"; };
		F41C516A26C165C40061D188 /* Colors.xcassets */ = {isa = PBXFileReference; lastKnownFileType = folder.assetcatalog; path = Colors.xcassets; sourceTree = "<group>"; };
		F41C517226C166DA0061D188 /* .swiftlint.yml */ = {isa = PBXFileReference; fileEncoding = 4; lastKnownFileType = text.yaml; path = .swiftlint.yml; sourceTree = "<group>"; };
		F41C517626C167DB0061D188 /* HTTPMethod.swift */ = {isa = PBXFileReference; fileEncoding = 4; lastKnownFileType = sourcecode.swift; path = HTTPMethod.swift; sourceTree = "<group>"; };
		F41C517726C167DB0061D188 /* APIResult.swift */ = {isa = PBXFileReference; fileEncoding = 4; lastKnownFileType = sourcecode.swift; path = APIResult.swift; sourceTree = "<group>"; };
		F41C517A26C167E70061D188 /* NetworkManager.swift */ = {isa = PBXFileReference; fileEncoding = 4; lastKnownFileType = sourcecode.swift; path = NetworkManager.swift; sourceTree = "<group>"; };
		F41C517C26C168210061D188 /* NewsAPIEnvironmentPath.swift */ = {isa = PBXFileReference; fileEncoding = 4; lastKnownFileType = sourcecode.swift; path = NewsAPIEnvironmentPath.swift; sourceTree = "<group>"; };
		F41C517E26C1685A0061D188 /* EndPointRouter.swift */ = {isa = PBXFileReference; fileEncoding = 4; lastKnownFileType = sourcecode.swift; path = EndPointRouter.swift; sourceTree = "<group>"; };
		F41C518726C16D830061D188 /* OnboardingVC.swift */ = {isa = PBXFileReference; lastKnownFileType = sourcecode.swift; path = OnboardingVC.swift; sourceTree = "<group>"; };
		F41C518826C16D830061D188 /* OnboardingVC.xib */ = {isa = PBXFileReference; lastKnownFileType = file.xib; path = OnboardingVC.xib; sourceTree = "<group>"; };
		F41C519126C16D9B0061D188 /* BaseWireframe.swift */ = {isa = PBXFileReference; fileEncoding = 4; lastKnownFileType = sourcecode.swift; path = BaseWireframe.swift; sourceTree = "<group>"; };
		F41C519526C16DF00061D188 /* ProgressDisplayer.swift */ = {isa = PBXFileReference; fileEncoding = 4; lastKnownFileType = sourcecode.swift; path = ProgressDisplayer.swift; sourceTree = "<group>"; };
		F41C519626C16DF10061D188 /* Navbar.swift */ = {isa = PBXFileReference; fileEncoding = 4; lastKnownFileType = sourcecode.swift; path = Navbar.swift; sourceTree = "<group>"; };
		F41C519726C16DF10061D188 /* AlertDisplayer.swift */ = {isa = PBXFileReference; fileEncoding = 4; lastKnownFileType = sourcecode.swift; path = AlertDisplayer.swift; sourceTree = "<group>"; };
		F41C519C26C16E3D0061D188 /* SelfResizingTableView.swift */ = {isa = PBXFileReference; fileEncoding = 4; lastKnownFileType = sourcecode.swift; path = SelfResizingTableView.swift; sourceTree = "<group>"; };
		F41C519D26C16E3D0061D188 /* SelfResizingCollectionView.swift */ = {isa = PBXFileReference; fileEncoding = 4; lastKnownFileType = sourcecode.swift; path = SelfResizingCollectionView.swift; sourceTree = "<group>"; };
		F41C519E26C16E3D0061D188 /* UserDataManager.swift */ = {isa = PBXFileReference; fileEncoding = 4; lastKnownFileType = sourcecode.swift; path = UserDataManager.swift; sourceTree = "<group>"; };
		F41C519F26C16E3D0061D188 /* NibLoadingView.swift */ = {isa = PBXFileReference; fileEncoding = 4; lastKnownFileType = sourcecode.swift; path = NibLoadingView.swift; sourceTree = "<group>"; };
		F41C51A426C16E670061D188 /* UIImageView+Extension.swift */ = {isa = PBXFileReference; fileEncoding = 4; lastKnownFileType = sourcecode.swift; path = "UIImageView+Extension.swift"; sourceTree = "<group>"; };
		F41C51A526C16E670061D188 /* UIView+Extension.swift */ = {isa = PBXFileReference; fileEncoding = 4; lastKnownFileType = sourcecode.swift; path = "UIView+Extension.swift"; sourceTree = "<group>"; };
		F41C51A626C16E670061D188 /* UICollectionView+Extensions.swift */ = {isa = PBXFileReference; fileEncoding = 4; lastKnownFileType = sourcecode.swift; path = "UICollectionView+Extensions.swift"; sourceTree = "<group>"; };
		F41C51A726C16E670061D188 /* UITableView+Extensions.swift */ = {isa = PBXFileReference; fileEncoding = 4; lastKnownFileType = sourcecode.swift; path = "UITableView+Extensions.swift"; sourceTree = "<group>"; };
		F41C51A826C16E670061D188 /* Date+Extension.swift */ = {isa = PBXFileReference; fileEncoding = 4; lastKnownFileType = sourcecode.swift; path = "Date+Extension.swift"; sourceTree = "<group>"; };
		F41C51A926C16E670061D188 /* UIFont+Extension.swift */ = {isa = PBXFileReference; fileEncoding = 4; lastKnownFileType = sourcecode.swift; path = "UIFont+Extension.swift"; sourceTree = "<group>"; };
		F41C51B426C16ECB0061D188 /* SF-Pro-Text-Thin.otf */ = {isa = PBXFileReference; lastKnownFileType = file; path = "SF-Pro-Text-Thin.otf"; sourceTree = "<group>"; };
		F41C51B526C16ECB0061D188 /* SF-Pro-Text-SemiboldItalic.otf */ = {isa = PBXFileReference; lastKnownFileType = file; path = "SF-Pro-Text-SemiboldItalic.otf"; sourceTree = "<group>"; };
		F41C51B626C16ECB0061D188 /* SF-Pro-Text-Semibold.otf */ = {isa = PBXFileReference; lastKnownFileType = file; path = "SF-Pro-Text-Semibold.otf"; sourceTree = "<group>"; };
		F41C51B726C16ECB0061D188 /* SF-Pro-Text-Bold.otf */ = {isa = PBXFileReference; lastKnownFileType = file; path = "SF-Pro-Text-Bold.otf"; sourceTree = "<group>"; };
		F41C51B826C16ECC0061D188 /* SF-Pro-Text-BlackItalic.otf */ = {isa = PBXFileReference; lastKnownFileType = file; path = "SF-Pro-Text-BlackItalic.otf"; sourceTree = "<group>"; };
		F41C51B926C16ECC0061D188 /* SF-Pro-Text-Regular.otf */ = {isa = PBXFileReference; lastKnownFileType = file; path = "SF-Pro-Text-Regular.otf"; sourceTree = "<group>"; };
		F41C51BA26C16ECC0061D188 /* SF-Pro-Text-Light.otf */ = {isa = PBXFileReference; lastKnownFileType = file; path = "SF-Pro-Text-Light.otf"; sourceTree = "<group>"; };
		F41C51BB26C16ECC0061D188 /* SF-Pro-Text-LightItalic.otf */ = {isa = PBXFileReference; lastKnownFileType = file; path = "SF-Pro-Text-LightItalic.otf"; sourceTree = "<group>"; };
		F41C51BC26C16ECC0061D188 /* SF-Pro-Text-BoldItalic.otf */ = {isa = PBXFileReference; lastKnownFileType = file; path = "SF-Pro-Text-BoldItalic.otf"; sourceTree = "<group>"; };
		F41C51BD26C16ECC0061D188 /* SF-Pro-Text-HeavyItalic.otf */ = {isa = PBXFileReference; lastKnownFileType = file; path = "SF-Pro-Text-HeavyItalic.otf"; sourceTree = "<group>"; };
		F41C51BE26C16ECC0061D188 /* SF-Pro-Text-Black.otf */ = {isa = PBXFileReference; lastKnownFileType = file; path = "SF-Pro-Text-Black.otf"; sourceTree = "<group>"; };
		F41C51BF26C16ECD0061D188 /* SF-Pro-Text-ThinItalic.otf */ = {isa = PBXFileReference; lastKnownFileType = file; path = "SF-Pro-Text-ThinItalic.otf"; sourceTree = "<group>"; };
		F41C51C026C16ECD0061D188 /* SF-Pro-Text-MediumItalic.otf */ = {isa = PBXFileReference; lastKnownFileType = file; path = "SF-Pro-Text-MediumItalic.otf"; sourceTree = "<group>"; };
		F41C51C126C16ECD0061D188 /* SF-Pro-Text-RegularItalic.otf */ = {isa = PBXFileReference; lastKnownFileType = file; path = "SF-Pro-Text-RegularItalic.otf"; sourceTree = "<group>"; };
		F41C51C226C16ECD0061D188 /* SF-Pro-Text-Ultralight.otf */ = {isa = PBXFileReference; lastKnownFileType = file; path = "SF-Pro-Text-Ultralight.otf"; sourceTree = "<group>"; };
		F41C51C326C16ECD0061D188 /* SF-Pro-Text-UltralightItalic.otf */ = {isa = PBXFileReference; lastKnownFileType = file; path = "SF-Pro-Text-UltralightItalic.otf"; sourceTree = "<group>"; };
		F41C51C426C16ECD0061D188 /* SF-Pro-Text-Heavy.otf */ = {isa = PBXFileReference; lastKnownFileType = file; path = "SF-Pro-Text-Heavy.otf"; sourceTree = "<group>"; };
		F41C51C526C16ECE0061D188 /* SF-Pro-Text-Medium.otf */ = {isa = PBXFileReference; lastKnownFileType = file; path = "SF-Pro-Text-Medium.otf"; sourceTree = "<group>"; };
		F41C51C726C16F4C0061D188 /* LoadingView.swift */ = {isa = PBXFileReference; fileEncoding = 4; lastKnownFileType = sourcecode.swift; path = LoadingView.swift; sourceTree = "<group>"; };
		F4E4E41A26C18FFB00997754 /* OnboardingProtocols.swift */ = {isa = PBXFileReference; lastKnownFileType = sourcecode.swift; path = OnboardingProtocols.swift; sourceTree = "<group>"; };
		F4E4E41C26C1916C00997754 /* OnboardingPresenter.swift */ = {isa = PBXFileReference; lastKnownFileType = sourcecode.swift; path = OnboardingPresenter.swift; sourceTree = "<group>"; };
		F4E4E41E26C1918800997754 /* OnboardingRouter.swift */ = {isa = PBXFileReference; lastKnownFileType = sourcecode.swift; path = OnboardingRouter.swift; sourceTree = "<group>"; };
		F4E4E42726C1B0E400997754 /* HeadlinesVC.swift */ = {isa = PBXFileReference; lastKnownFileType = sourcecode.swift; path = HeadlinesVC.swift; sourceTree = "<group>"; };
		F4E4E42826C1B0E400997754 /* HeadlinesVC.xib */ = {isa = PBXFileReference; lastKnownFileType = file.xib; path = HeadlinesVC.xib; sourceTree = "<group>"; };
		F4E4E42B26C1BCA900997754 /* HeadlinesProtocols.swift */ = {isa = PBXFileReference; lastKnownFileType = sourcecode.swift; path = HeadlinesProtocols.swift; sourceTree = "<group>"; };
		F4E4E42D26C1BE3200997754 /* NewsModel.swift */ = {isa = PBXFileReference; fileEncoding = 4; lastKnownFileType = sourcecode.swift; path = NewsModel.swift; sourceTree = "<group>"; };
		F4E4E42F26C1C09A00997754 /* HeadlineCell.swift */ = {isa = PBXFileReference; lastKnownFileType = sourcecode.swift; path = HeadlineCell.swift; sourceTree = "<group>"; };
		F4E4E43026C1C09A00997754 /* HeadlineCell.xib */ = {isa = PBXFileReference; lastKnownFileType = file.xib; path = HeadlineCell.xib; sourceTree = "<group>"; };
		F4E4E43326C1C55500997754 /* HeadlinesPresenter.swift */ = {isa = PBXFileReference; lastKnownFileType = sourcecode.swift; path = HeadlinesPresenter.swift; sourceTree = "<group>"; };
		F4E4E43526C1C75F00997754 /* HeadlinesInteractor.swift */ = {isa = PBXFileReference; lastKnownFileType = sourcecode.swift; path = HeadlinesInteractor.swift; sourceTree = "<group>"; };
		F4E4E43726C1C98400997754 /* HeadlinesRouter.swift */ = {isa = PBXFileReference; lastKnownFileType = sourcecode.swift; path = HeadlinesRouter.swift; sourceTree = "<group>"; };
/* End PBXFileReference section */

/* Begin PBXFrameworksBuildPhase section */
		5A7A54A226C144EE0015CA43 /* Frameworks */ = {
			isa = PBXFrameworksBuildPhase;
			buildActionMask = 2147483647;
			files = (
				09E40AAFDC5E3E7459C14285 /* Pods_NewsApp.framework in Frameworks */,
			);
			runOnlyForDeploymentPostprocessing = 0;
		};
/* End PBXFrameworksBuildPhase section */

/* Begin PBXGroup section */
		5629338C7F9F14B07F9B3332 /* Pods */ = {
			isa = PBXGroup;
			children = (
				1311AA432D6E5D9F34E519EB /* Pods-NewsApp.debug.xcconfig */,
				10563487B2ACECFC96C3AB57 /* Pods-NewsApp.release.xcconfig */,
			);
			path = Pods;
			sourceTree = "<group>";
		};
		5A7A549C26C144EE0015CA43 = {
			isa = PBXGroup;
			children = (
				F41C517226C166DA0061D188 /* .swiftlint.yml */,
				5A7A54A726C144EE0015CA43 /* NewsApp */,
				5A7A54A626C144EE0015CA43 /* Products */,
				5629338C7F9F14B07F9B3332 /* Pods */,
				66E5CA5C67FB6EC9A742913E /* Frameworks */,
			);
			sourceTree = "<group>";
		};
		5A7A54A626C144EE0015CA43 /* Products */ = {
			isa = PBXGroup;
			children = (
				5A7A54A526C144EE0015CA43 /* NewsApp.app */,
			);
			name = Products;
			sourceTree = "<group>";
		};
		5A7A54A726C144EE0015CA43 /* NewsApp */ = {
			isa = PBXGroup;
			children = (
				F41C517126C166130061D188 /* API */,
				F41C517026C1660B0061D188 /* Network */,
				F41C516F26C165F00061D188 /* Extensions */,
				F41C516E26C165EA0061D188 /* Utilities */,
				F41C516D26C165E70061D188 /* Core */,
				F41C516C26C165DD0061D188 /* Scenes */,
				F41C516426C165820061D188 /* Resources */,
				F41C516526C1658B0061D188 /* Configurations */,
			);
			path = NewsApp;
			sourceTree = "<group>";
		};
		66E5CA5C67FB6EC9A742913E /* Frameworks */ = {
			isa = PBXGroup;
			children = (
				847E9F887BFA5F3206E4B13A /* Pods_NewsApp.framework */,
			);
			name = Frameworks;
			sourceTree = "<group>";
		};
		F41C516426C165820061D188 /* Resources */ = {
			isa = PBXGroup;
			children = (
				F41C516626C165950061D188 /* Application */,
				F41C516726C1659A0061D188 /* Localization */,
				F41C516826C165A50061D188 /* Assets */,
			);
			path = Resources;
			sourceTree = "<group>";
		};
		F41C516526C1658B0061D188 /* Configurations */ = {
			isa = PBXGroup;
			children = (
				5A7A54B626C144F30015CA43 /* Info.plist */,
			);
			path = Configurations;
			sourceTree = "<group>";
		};
		F41C516626C165950061D188 /* Application */ = {
			isa = PBXGroup;
			children = (
				5A7A54A826C144EE0015CA43 /* AppDelegate.swift */,
				5A7A54B326C144F30015CA43 /* LaunchScreen.storyboard */,
			);
			path = Application;
			sourceTree = "<group>";
		};
		F41C516726C1659A0061D188 /* Localization */ = {
			isa = PBXGroup;
			children = (
			);
			path = Localization;
			sourceTree = "<group>";
		};
		F41C516826C165A50061D188 /* Assets */ = {
			isa = PBXGroup;
			children = (
				5A7A54B126C144F30015CA43 /* Icons.xcassets */,
				F41C516A26C165C40061D188 /* Colors.xcassets */,
				F41C51B226C16EB30061D188 /* Fonts */,
				F41C51C626C16F3A0061D188 /* Animations */,
			);
			path = Assets;
			sourceTree = "<group>";
		};
		F41C516C26C165DD0061D188 /* Scenes */ = {
			isa = PBXGroup;
			children = (
				F41C518126C16D5D0061D188 /* Onboarding */,
				F4E4E42026C1A6B300997754 /* Headlines */,
			);
			path = Scenes;
			sourceTree = "<group>";
		};
		F41C516D26C165E70061D188 /* Core */ = {
			isa = PBXGroup;
			children = (
				F41C519126C16D9B0061D188 /* BaseWireframe.swift */,
				F41B099F26C1858F0076211A /* MainRouter.swift */,
				F41C519B26C16DF20061D188 /* Protocols */,
			);
			path = Core;
			sourceTree = "<group>";
		};
		F41C516E26C165EA0061D188 /* Utilities */ = {
			isa = PBXGroup;
			children = (
				F41C519F26C16E3D0061D188 /* NibLoadingView.swift */,
				F41C519D26C16E3D0061D188 /* SelfResizingCollectionView.swift */,
				F41C519C26C16E3D0061D188 /* SelfResizingTableView.swift */,
				F41C519E26C16E3D0061D188 /* UserDataManager.swift */,
			);
			path = Utilities;
			sourceTree = "<group>";
		};
		F41C516F26C165F00061D188 /* Extensions */ = {
			isa = PBXGroup;
			children = (
				F41C51A826C16E670061D188 /* Date+Extension.swift */,
				F41C51A626C16E670061D188 /* UICollectionView+Extensions.swift */,
				F41C51A926C16E670061D188 /* UIFont+Extension.swift */,
				F41C51A426C16E670061D188 /* UIImageView+Extension.swift */,
				F41C51A726C16E670061D188 /* UITableView+Extensions.swift */,
				F41C51A526C16E670061D188 /* UIView+Extension.swift */,
			);
			path = Extensions;
			sourceTree = "<group>";
		};
		F41C517026C1660B0061D188 /* Network */ = {
			isa = PBXGroup;
			children = (
				F41C517A26C167E70061D188 /* NetworkManager.swift */,
				F41C517526C167BF0061D188 /* Entities */,
			);
			path = Network;
			sourceTree = "<group>";
		};
		F41C517126C166130061D188 /* API */ = {
			isa = PBXGroup;
			children = (
				F41C517E26C1685A0061D188 /* EndPointRouter.swift */,
				F41C517C26C168210061D188 /* NewsAPIEnvironmentPath.swift */,
			);
			path = API;
			sourceTree = "<group>";
		};
		F41C517526C167BF0061D188 /* Entities */ = {
			isa = PBXGroup;
			children = (
				F41C517726C167DB0061D188 /* APIResult.swift */,
				F41C517626C167DB0061D188 /* HTTPMethod.swift */,
			);
			path = Entities;
			sourceTree = "<group>";
		};
		F41C518126C16D5D0061D188 /* Onboarding */ = {
			isa = PBXGroup;
			children = (
				F41C518626C16D720061D188 /* Protocols */,
				F41C518526C16D6F0061D188 /* Router */,
				F41C518326C16D640061D188 /* Presenter */,
				F41C518226C16D620061D188 /* View */,
			);
			path = Onboarding;
			sourceTree = "<group>";
		};
		F41C518226C16D620061D188 /* View */ = {
			isa = PBXGroup;
			children = (
				F41C518726C16D830061D188 /* OnboardingVC.swift */,
				F41C518826C16D830061D188 /* OnboardingVC.xib */,
			);
			path = View;
			sourceTree = "<group>";
		};
		F41C518326C16D640061D188 /* Presenter */ = {
			isa = PBXGroup;
			children = (
				F4E4E41C26C1916C00997754 /* OnboardingPresenter.swift */,
			);
			path = Presenter;
			sourceTree = "<group>";
		};
		F41C518526C16D6F0061D188 /* Router */ = {
			isa = PBXGroup;
			children = (
				F4E4E41E26C1918800997754 /* OnboardingRouter.swift */,
			);
			path = Router;
			sourceTree = "<group>";
		};
		F41C518626C16D720061D188 /* Protocols */ = {
			isa = PBXGroup;
			children = (
				F4E4E41A26C18FFB00997754 /* OnboardingProtocols.swift */,
			);
			path = Protocols;
			sourceTree = "<group>";
		};
		F41C519B26C16DF20061D188 /* Protocols */ = {
			isa = PBXGroup;
			children = (
				F41C51C726C16F4C0061D188 /* LoadingView.swift */,
				F41C519726C16DF10061D188 /* AlertDisplayer.swift */,
				F41C519626C16DF10061D188 /* Navbar.swift */,
				F41C519526C16DF00061D188 /* ProgressDisplayer.swift */,
			);
			path = Protocols;
			sourceTree = "<group>";
		};
		F41C51B226C16EB30061D188 /* Fonts */ = {
			isa = PBXGroup;
			children = (
				F41C51B326C16EB60061D188 /* SF Pro Text */,
			);
			path = Fonts;
			sourceTree = "<group>";
		};
		F41C51B326C16EB60061D188 /* SF Pro Text */ = {
			isa = PBXGroup;
			children = (
				F41C51BE26C16ECC0061D188 /* SF-Pro-Text-Black.otf */,
				F41C51B826C16ECC0061D188 /* SF-Pro-Text-BlackItalic.otf */,
				F41C51B726C16ECB0061D188 /* SF-Pro-Text-Bold.otf */,
				F41C51BC26C16ECC0061D188 /* SF-Pro-Text-BoldItalic.otf */,
				F41C51C426C16ECD0061D188 /* SF-Pro-Text-Heavy.otf */,
				F41C51BD26C16ECC0061D188 /* SF-Pro-Text-HeavyItalic.otf */,
				F41C51BA26C16ECC0061D188 /* SF-Pro-Text-Light.otf */,
				F41C51BB26C16ECC0061D188 /* SF-Pro-Text-LightItalic.otf */,
				F41C51C526C16ECE0061D188 /* SF-Pro-Text-Medium.otf */,
				F41C51C026C16ECD0061D188 /* SF-Pro-Text-MediumItalic.otf */,
				F41C51B926C16ECC0061D188 /* SF-Pro-Text-Regular.otf */,
				F41C51C126C16ECD0061D188 /* SF-Pro-Text-RegularItalic.otf */,
				F41C51B626C16ECB0061D188 /* SF-Pro-Text-Semibold.otf */,
				F41C51B526C16ECB0061D188 /* SF-Pro-Text-SemiboldItalic.otf */,
				F41C51B426C16ECB0061D188 /* SF-Pro-Text-Thin.otf */,
				F41C51BF26C16ECD0061D188 /* SF-Pro-Text-ThinItalic.otf */,
				F41C51C226C16ECD0061D188 /* SF-Pro-Text-Ultralight.otf */,
				F41C51C326C16ECD0061D188 /* SF-Pro-Text-UltralightItalic.otf */,
			);
			path = "SF Pro Text";
			sourceTree = "<group>";
		};
		F41C51C626C16F3A0061D188 /* Animations */ = {
			isa = PBXGroup;
			children = (
			);
			path = Animations;
			sourceTree = "<group>";
		};
		F4E4E42026C1A6B300997754 /* Headlines */ = {
			isa = PBXGroup;
			children = (
				F4E4E42D26C1BE3200997754 /* NewsModel.swift */,
				F4E4E42526C1A6D300997754 /* Protocols */,
				F4E4E42426C1A6D000997754 /* Router */,
				F4E4E42326C1A6C900997754 /* Interactor */,
				F4E4E42226C1A6C500997754 /* Presenter */,
				F4E4E42126C1A6C100997754 /* View */,
			);
			path = Headlines;
			sourceTree = "<group>";
		};
		F4E4E42126C1A6C100997754 /* View */ = {
			isa = PBXGroup;
			children = (
				F4E4E42726C1B0E400997754 /* HeadlinesVC.swift */,
				F4E4E42826C1B0E400997754 /* HeadlinesVC.xib */,
				F4E4E42626C1B0C300997754 /* HeadlineCell */,
			);
			path = View;
			sourceTree = "<group>";
		};
		F4E4E42226C1A6C500997754 /* Presenter */ = {
			isa = PBXGroup;
			children = (
				F4E4E43326C1C55500997754 /* HeadlinesPresenter.swift */,
			);
			path = Presenter;
			sourceTree = "<group>";
		};
		F4E4E42326C1A6C900997754 /* Interactor */ = {
			isa = PBXGroup;
			children = (
				F4E4E43526C1C75F00997754 /* HeadlinesInteractor.swift */,
			);
			path = Interactor;
			sourceTree = "<group>";
		};
		F4E4E42426C1A6D000997754 /* Router */ = {
			isa = PBXGroup;
			children = (
				F4E4E43726C1C98400997754 /* HeadlinesRouter.swift */,
			);
			path = Router;
			sourceTree = "<group>";
		};
		F4E4E42526C1A6D300997754 /* Protocols */ = {
			isa = PBXGroup;
			children = (
				F4E4E42B26C1BCA900997754 /* HeadlinesProtocols.swift */,
			);
			path = Protocols;
			sourceTree = "<group>";
		};
		F4E4E42626C1B0C300997754 /* HeadlineCell */ = {
			isa = PBXGroup;
			children = (
				F4E4E42F26C1C09A00997754 /* HeadlineCell.swift */,
				F4E4E43026C1C09A00997754 /* HeadlineCell.xib */,
			);
			path = HeadlineCell;
			sourceTree = "<group>";
		};
/* End PBXGroup section */

/* Begin PBXNativeTarget section */
		5A7A54A426C144EE0015CA43 /* NewsApp */ = {
			isa = PBXNativeTarget;
			buildConfigurationList = 5A7A54B926C144F30015CA43 /* Build configuration list for PBXNativeTarget "NewsApp" */;
			buildPhases = (
				6AD99B3889846EFEB3D3BD8A /* [CP] Check Pods Manifest.lock */,
				5A7A54A126C144EE0015CA43 /* Sources */,
				5A7A54A226C144EE0015CA43 /* Frameworks */,
				5A7A54A326C144EE0015CA43 /* Resources */,
				F41C517426C167000061D188 /* SwiftLint */,
				127D285A55D62F94792E7B90 /* [CP] Embed Pods Frameworks */,
			);
			buildRules = (
			);
			dependencies = (
			);
			name = NewsApp;
			productName = NewsApp;
			productReference = 5A7A54A526C144EE0015CA43 /* NewsApp.app */;
			productType = "com.apple.product-type.application";
		};
/* End PBXNativeTarget section */

/* Begin PBXProject section */
		5A7A549D26C144EE0015CA43 /* Project object */ = {
			isa = PBXProject;
			attributes = {
				LastSwiftUpdateCheck = 1250;
				LastUpgradeCheck = 1250;
				TargetAttributes = {
					5A7A54A426C144EE0015CA43 = {
						CreatedOnToolsVersion = 12.5.1;
					};
				};
			};
			buildConfigurationList = 5A7A54A026C144EE0015CA43 /* Build configuration list for PBXProject "NewsApp" */;
			compatibilityVersion = "Xcode 9.3";
			developmentRegion = en;
			hasScannedForEncodings = 0;
			knownRegions = (
				en,
				Base,
			);
			mainGroup = 5A7A549C26C144EE0015CA43;
			productRefGroup = 5A7A54A626C144EE0015CA43 /* Products */;
			projectDirPath = "";
			projectRoot = "";
			targets = (
				5A7A54A426C144EE0015CA43 /* NewsApp */,
			);
		};
/* End PBXProject section */

/* Begin PBXResourcesBuildPhase section */
		5A7A54A326C144EE0015CA43 /* Resources */ = {
			isa = PBXResourcesBuildPhase;
			buildActionMask = 2147483647;
			files = (
				F482ADE726C205C7002DF570 /* SF-Pro-Text-MediumItalic.otf in Resources */,
				F482ADE126C205C7002DF570 /* SF-Pro-Text-UltralightItalic.otf in Resources */,
				F41C518A26C16D830061D188 /* OnboardingVC.xib in Resources */,
				F482ADDC26C205C7002DF570 /* SF-Pro-Text-SemiboldItalic.otf in Resources */,
				F41C517326C166DA0061D188 /* .swiftlint.yml in Resources */,
				F482ADE826C205C7002DF570 /* SF-Pro-Text-Thin.otf in Resources */,
				F482ADE326C205C7002DF570 /* SF-Pro-Text-Semibold.otf in Resources */,
				F482ADDE26C205C7002DF570 /* SF-Pro-Text-Heavy.otf in Resources */,
				F482ADDB26C205C7002DF570 /* SF-Pro-Text-RegularItalic.otf in Resources */,
				F482ADE226C205C7002DF570 /* SF-Pro-Text-Regular.otf in Resources */,
				F482ADE526C205C7002DF570 /* SF-Pro-Text-Bold.otf in Resources */,
				F4E4E43226C1C09A00997754 /* HeadlineCell.xib in Resources */,
				F482ADE626C205C7002DF570 /* SF-Pro-Text-BoldItalic.otf in Resources */,
				F4E4E42A26C1B0E400997754 /* HeadlinesVC.xib in Resources */,
				F41C516B26C165C40061D188 /* Colors.xcassets in Resources */,
				F482ADE926C205C7002DF570 /* SF-Pro-Text-HeavyItalic.otf in Resources */,
				F482ADDF26C205C7002DF570 /* SF-Pro-Text-Medium.otf in Resources */,
				F482ADEA26C205C7002DF570 /* SF-Pro-Text-Light.otf in Resources */,
				F482ADE426C205C7002DF570 /* SF-Pro-Text-ThinItalic.otf in Resources */,
				F482ADEC26C205C7002DF570 /* SF-Pro-Text-BlackItalic.otf in Resources */,
				5A7A54B526C144F30015CA43 /* LaunchScreen.storyboard in Resources */,
				5A7A54B226C144F30015CA43 /* Icons.xcassets in Resources */,
				F482ADE026C205C7002DF570 /* SF-Pro-Text-Ultralight.otf in Resources */,
				F482ADEB26C205C7002DF570 /* SF-Pro-Text-LightItalic.otf in Resources */,
				F482ADDD26C205C7002DF570 /* SF-Pro-Text-Black.otf in Resources */,
			);
			runOnlyForDeploymentPostprocessing = 0;
		};
/* End PBXResourcesBuildPhase section */

/* Begin PBXShellScriptBuildPhase section */
		127D285A55D62F94792E7B90 /* [CP] Embed Pods Frameworks */ = {
			isa = PBXShellScriptBuildPhase;
			buildActionMask = 2147483647;
			files = (
			);
			inputFileListPaths = (
				"${PODS_ROOT}/Target Support Files/Pods-NewsApp/Pods-NewsApp-frameworks-${CONFIGURATION}-input-files.xcfilelist",
			);
			name = "[CP] Embed Pods Frameworks";
			outputFileListPaths = (
				"${PODS_ROOT}/Target Support Files/Pods-NewsApp/Pods-NewsApp-frameworks-${CONFIGURATION}-output-files.xcfilelist",
			);
			runOnlyForDeploymentPostprocessing = 0;
			shellPath = /bin/sh;
			shellScript = "\"${PODS_ROOT}/Target Support Files/Pods-NewsApp/Pods-NewsApp-frameworks.sh\"\n";
			showEnvVarsInLog = 0;
		};
		6AD99B3889846EFEB3D3BD8A /* [CP] Check Pods Manifest.lock */ = {
			isa = PBXShellScriptBuildPhase;
			buildActionMask = 2147483647;
			files = (
			);
			inputFileListPaths = (
			);
			inputPaths = (
				"${PODS_PODFILE_DIR_PATH}/Podfile.lock",
				"${PODS_ROOT}/Manifest.lock",
			);
			name = "[CP] Check Pods Manifest.lock";
			outputFileListPaths = (
			);
			outputPaths = (
				"$(DERIVED_FILE_DIR)/Pods-NewsApp-checkManifestLockResult.txt",
			);
			runOnlyForDeploymentPostprocessing = 0;
			shellPath = /bin/sh;
			shellScript = "diff \"${PODS_PODFILE_DIR_PATH}/Podfile.lock\" \"${PODS_ROOT}/Manifest.lock\" > /dev/null\nif [ $? != 0 ] ; then\n    # print error to STDERR\n    echo \"error: The sandbox is not in sync with the Podfile.lock. Run 'pod install' or update your CocoaPods installation.\" >&2\n    exit 1\nfi\n# This output is used by Xcode 'outputs' to avoid re-running this script phase.\necho \"SUCCESS\" > \"${SCRIPT_OUTPUT_FILE_0}\"\n";
			showEnvVarsInLog = 0;
		};
		F41C517426C167000061D188 /* SwiftLint */ = {
			isa = PBXShellScriptBuildPhase;
			buildActionMask = 2147483647;
			files = (
			);
			inputFileListPaths = (
			);
			inputPaths = (
			);
			name = SwiftLint;
			outputFileListPaths = (
			);
			outputPaths = (
			);
			runOnlyForDeploymentPostprocessing = 0;
			shellPath = /bin/sh;
			shellScript = "# Type a script or drag a script file from your workspace to insert its path.\nif which swiftlint >/dev/null; then\n  swiftlint\nelse\n  echo \"warning: SwiftLint not installed, download from https://github.com/realm/SwiftLint\"\nfi\n";
		};
/* End PBXShellScriptBuildPhase section */

/* Begin PBXSourcesBuildPhase section */
		5A7A54A126C144EE0015CA43 /* Sources */ = {
			isa = PBXSourcesBuildPhase;
			buildActionMask = 2147483647;
			files = (
				F41C51AC26C16E670061D188 /* UICollectionView+Extensions.swift in Sources */,
				F41C519A26C16DF10061D188 /* AlertDisplayer.swift in Sources */,
				F41C51A326C16E3D0061D188 /* NibLoadingView.swift in Sources */,
				F41C517B26C167E70061D188 /* NetworkManager.swift in Sources */,
				F4E4E43826C1C98400997754 /* HeadlinesRouter.swift in Sources */,
				F41C51A226C16E3D0061D188 /* UserDataManager.swift in Sources */,
				F41C517F26C1685A0061D188 /* EndPointRouter.swift in Sources */,
				F41C519826C16DF10061D188 /* ProgressDisplayer.swift in Sources */,
				F4E4E43126C1C09A00997754 /* HeadlineCell.swift in Sources */,
				F41C517926C167DB0061D188 /* APIResult.swift in Sources */,
				F41C519326C16D9B0061D188 /* BaseWireframe.swift in Sources */,
				F4E4E42C26C1BCA900997754 /* HeadlinesProtocols.swift in Sources */,
				F41C51A026C16E3D0061D188 /* SelfResizingTableView.swift in Sources */,
				F41C51AF26C16E670061D188 /* UIFont+Extension.swift in Sources */,
				F41C517826C167DB0061D188 /* HTTPMethod.swift in Sources */,
				F4E4E41B26C18FFB00997754 /* OnboardingProtocols.swift in Sources */,
				F41C51AE26C16E670061D188 /* Date+Extension.swift in Sources */,
				F41C517D26C168210061D188 /* NewsAPIEnvironmentPath.swift in Sources */,
				F41C519926C16DF10061D188 /* Navbar.swift in Sources */,
				F41C51AB26C16E670061D188 /* UIView+Extension.swift in Sources */,
				F41C51A126C16E3D0061D188 /* SelfResizingCollectionView.swift in Sources */,
				F41C51AD26C16E670061D188 /* UITableView+Extensions.swift in Sources */,
				F4E4E43426C1C55500997754 /* HeadlinesPresenter.swift in Sources */,
				5A7A54A926C144EE0015CA43 /* AppDelegate.swift in Sources */,
				F41C518926C16D830061D188 /* OnboardingVC.swift in Sources */,
				F4E4E42E26C1BE3200997754 /* NewsModel.swift in Sources */,
				F4E4E42926C1B0E400997754 /* HeadlinesVC.swift in Sources */,
				F41C51AA26C16E670061D188 /* UIImageView+Extension.swift in Sources */,
				F4E4E41D26C1916C00997754 /* OnboardingPresenter.swift in Sources */,
				F4E4E43626C1C75F00997754 /* HeadlinesInteractor.swift in Sources */,
				F4E4E41F26C1918800997754 /* OnboardingRouter.swift in Sources */,
				F41C51C826C16F4C0061D188 /* LoadingView.swift in Sources */,
				F41B09A026C1858F0076211A /* MainRouter.swift in Sources */,
			);
			runOnlyForDeploymentPostprocessing = 0;
		};
/* End PBXSourcesBuildPhase section */

/* Begin PBXVariantGroup section */
		5A7A54B326C144F30015CA43 /* LaunchScreen.storyboard */ = {
			isa = PBXVariantGroup;
			children = (
				5A7A54B426C144F30015CA43 /* Base */,
			);
			name = LaunchScreen.storyboard;
			sourceTree = "<group>";
		};
/* End PBXVariantGroup section */

/* Begin XCBuildConfiguration section */
		5A7A54B726C144F30015CA43 /* Debug */ = {
			isa = XCBuildConfiguration;
			buildSettings = {
				ALWAYS_SEARCH_USER_PATHS = NO;
				CLANG_ANALYZER_NONNULL = YES;
				CLANG_ANALYZER_NUMBER_OBJECT_CONVERSION = YES_AGGRESSIVE;
				CLANG_CXX_LANGUAGE_STANDARD = "gnu++14";
				CLANG_CXX_LIBRARY = "libc++";
				CLANG_ENABLE_MODULES = YES;
				CLANG_ENABLE_OBJC_ARC = YES;
				CLANG_ENABLE_OBJC_WEAK = YES;
				CLANG_WARN_BLOCK_CAPTURE_AUTORELEASING = YES;
				CLANG_WARN_BOOL_CONVERSION = YES;
				CLANG_WARN_COMMA = YES;
				CLANG_WARN_CONSTANT_CONVERSION = YES;
				CLANG_WARN_DEPRECATED_OBJC_IMPLEMENTATIONS = YES;
				CLANG_WARN_DIRECT_OBJC_ISA_USAGE = YES_ERROR;
				CLANG_WARN_DOCUMENTATION_COMMENTS = YES;
				CLANG_WARN_EMPTY_BODY = YES;
				CLANG_WARN_ENUM_CONVERSION = YES;
				CLANG_WARN_INFINITE_RECURSION = YES;
				CLANG_WARN_INT_CONVERSION = YES;
				CLANG_WARN_NON_LITERAL_NULL_CONVERSION = YES;
				CLANG_WARN_OBJC_IMPLICIT_RETAIN_SELF = YES;
				CLANG_WARN_OBJC_LITERAL_CONVERSION = YES;
				CLANG_WARN_OBJC_ROOT_CLASS = YES_ERROR;
				CLANG_WARN_QUOTED_INCLUDE_IN_FRAMEWORK_HEADER = YES;
				CLANG_WARN_RANGE_LOOP_ANALYSIS = YES;
				CLANG_WARN_STRICT_PROTOTYPES = YES;
				CLANG_WARN_SUSPICIOUS_MOVE = YES;
				CLANG_WARN_UNGUARDED_AVAILABILITY = YES_AGGRESSIVE;
				CLANG_WARN_UNREACHABLE_CODE = YES;
				CLANG_WARN__DUPLICATE_METHOD_MATCH = YES;
				COPY_PHASE_STRIP = NO;
				DEBUG_INFORMATION_FORMAT = dwarf;
				ENABLE_STRICT_OBJC_MSGSEND = YES;
				ENABLE_TESTABILITY = YES;
				GCC_C_LANGUAGE_STANDARD = gnu11;
				GCC_DYNAMIC_NO_PIC = NO;
				GCC_NO_COMMON_BLOCKS = YES;
				GCC_OPTIMIZATION_LEVEL = 0;
				GCC_PREPROCESSOR_DEFINITIONS = (
					"DEBUG=1",
					"$(inherited)",
				);
				GCC_WARN_64_TO_32_BIT_CONVERSION = YES;
				GCC_WARN_ABOUT_RETURN_TYPE = YES_ERROR;
				GCC_WARN_UNDECLARED_SELECTOR = YES;
				GCC_WARN_UNINITIALIZED_AUTOS = YES_AGGRESSIVE;
				GCC_WARN_UNUSED_FUNCTION = YES;
				GCC_WARN_UNUSED_VARIABLE = YES;
				IPHONEOS_DEPLOYMENT_TARGET = 14.5;
				MTL_ENABLE_DEBUG_INFO = INCLUDE_SOURCE;
				MTL_FAST_MATH = YES;
				ONLY_ACTIVE_ARCH = YES;
				SDKROOT = iphoneos;
				SWIFT_ACTIVE_COMPILATION_CONDITIONS = DEBUG;
				SWIFT_OPTIMIZATION_LEVEL = "-Onone";
			};
			name = Debug;
		};
		5A7A54B826C144F30015CA43 /* Release */ = {
			isa = XCBuildConfiguration;
			buildSettings = {
				ALWAYS_SEARCH_USER_PATHS = NO;
				CLANG_ANALYZER_NONNULL = YES;
				CLANG_ANALYZER_NUMBER_OBJECT_CONVERSION = YES_AGGRESSIVE;
				CLANG_CXX_LANGUAGE_STANDARD = "gnu++14";
				CLANG_CXX_LIBRARY = "libc++";
				CLANG_ENABLE_MODULES = YES;
				CLANG_ENABLE_OBJC_ARC = YES;
				CLANG_ENABLE_OBJC_WEAK = YES;
				CLANG_WARN_BLOCK_CAPTURE_AUTORELEASING = YES;
				CLANG_WARN_BOOL_CONVERSION = YES;
				CLANG_WARN_COMMA = YES;
				CLANG_WARN_CONSTANT_CONVERSION = YES;
				CLANG_WARN_DEPRECATED_OBJC_IMPLEMENTATIONS = YES;
				CLANG_WARN_DIRECT_OBJC_ISA_USAGE = YES_ERROR;
				CLANG_WARN_DOCUMENTATION_COMMENTS = YES;
				CLANG_WARN_EMPTY_BODY = YES;
				CLANG_WARN_ENUM_CONVERSION = YES;
				CLANG_WARN_INFINITE_RECURSION = YES;
				CLANG_WARN_INT_CONVERSION = YES;
				CLANG_WARN_NON_LITERAL_NULL_CONVERSION = YES;
				CLANG_WARN_OBJC_IMPLICIT_RETAIN_SELF = YES;
				CLANG_WARN_OBJC_LITERAL_CONVERSION = YES;
				CLANG_WARN_OBJC_ROOT_CLASS = YES_ERROR;
				CLANG_WARN_QUOTED_INCLUDE_IN_FRAMEWORK_HEADER = YES;
				CLANG_WARN_RANGE_LOOP_ANALYSIS = YES;
				CLANG_WARN_STRICT_PROTOTYPES = YES;
				CLANG_WARN_SUSPICIOUS_MOVE = YES;
				CLANG_WARN_UNGUARDED_AVAILABILITY = YES_AGGRESSIVE;
				CLANG_WARN_UNREACHABLE_CODE = YES;
				CLANG_WARN__DUPLICATE_METHOD_MATCH = YES;
				COPY_PHASE_STRIP = NO;
				DEBUG_INFORMATION_FORMAT = "dwarf-with-dsym";
				ENABLE_NS_ASSERTIONS = NO;
				ENABLE_STRICT_OBJC_MSGSEND = YES;
				GCC_C_LANGUAGE_STANDARD = gnu11;
				GCC_NO_COMMON_BLOCKS = YES;
				GCC_WARN_64_TO_32_BIT_CONVERSION = YES;
				GCC_WARN_ABOUT_RETURN_TYPE = YES_ERROR;
				GCC_WARN_UNDECLARED_SELECTOR = YES;
				GCC_WARN_UNINITIALIZED_AUTOS = YES_AGGRESSIVE;
				GCC_WARN_UNUSED_FUNCTION = YES;
				GCC_WARN_UNUSED_VARIABLE = YES;
				IPHONEOS_DEPLOYMENT_TARGET = 14.5;
				MTL_ENABLE_DEBUG_INFO = NO;
				MTL_FAST_MATH = YES;
				SDKROOT = iphoneos;
				SWIFT_COMPILATION_MODE = wholemodule;
				SWIFT_OPTIMIZATION_LEVEL = "-O";
				VALIDATE_PRODUCT = YES;
			};
			name = Release;
		};
		5A7A54BA26C144F30015CA43 /* Debug */ = {
			isa = XCBuildConfiguration;
			baseConfigurationReference = 1311AA432D6E5D9F34E519EB /* Pods-NewsApp.debug.xcconfig */;
			buildSettings = {
				ASSETCATALOG_COMPILER_APPICON_NAME = AppIcon;
				ASSETCATALOG_COMPILER_GLOBAL_ACCENT_COLOR_NAME = AccentColor;
				CODE_SIGN_STYLE = Automatic;
				DEVELOPMENT_TEAM = PU8FM4JDVA;
				INFOPLIST_FILE = NewsApp/Configurations/Info.plist;
				IPHONEOS_DEPLOYMENT_TARGET = 13.0;
				LD_RUNPATH_SEARCH_PATHS = (
					"$(inherited)",
					"@executable_path/Frameworks",
				);
				PRODUCT_BUNDLE_IDENTIFIER = com.victorylink.NewsApp;
				PRODUCT_NAME = "$(TARGET_NAME)";
				SWIFT_VERSION = 5.0;
				TARGETED_DEVICE_FAMILY = "1,2";
			};
			name = Debug;
		};
		5A7A54BB26C144F30015CA43 /* Release */ = {
			isa = XCBuildConfiguration;
			baseConfigurationReference = 10563487B2ACECFC96C3AB57 /* Pods-NewsApp.release.xcconfig */;
			buildSettings = {
				ASSETCATALOG_COMPILER_APPICON_NAME = AppIcon;
				ASSETCATALOG_COMPILER_GLOBAL_ACCENT_COLOR_NAME = AccentColor;
				CODE_SIGN_STYLE = Automatic;
				DEVELOPMENT_TEAM = PU8FM4JDVA;
				INFOPLIST_FILE = NewsApp/Configurations/Info.plist;
				IPHONEOS_DEPLOYMENT_TARGET = 13.0;
				LD_RUNPATH_SEARCH_PATHS = (
					"$(inherited)",
					"@executable_path/Frameworks",
				);
				PRODUCT_BUNDLE_IDENTIFIER = com.victorylink.NewsApp;
				PRODUCT_NAME = "$(TARGET_NAME)";
				SWIFT_VERSION = 5.0;
				TARGETED_DEVICE_FAMILY = "1,2";
			};
			name = Release;
		};
/* End XCBuildConfiguration section */

/* Begin XCConfigurationList section */
		5A7A54A026C144EE0015CA43 /* Build configuration list for PBXProject "NewsApp" */ = {
			isa = XCConfigurationList;
			buildConfigurations = (
				5A7A54B726C144F30015CA43 /* Debug */,
				5A7A54B826C144F30015CA43 /* Release */,
			);
			defaultConfigurationIsVisible = 0;
			defaultConfigurationName = Release;
		};
		5A7A54B926C144F30015CA43 /* Build configuration list for PBXNativeTarget "NewsApp" */ = {
			isa = XCConfigurationList;
			buildConfigurations = (
				5A7A54BA26C144F30015CA43 /* Debug */,
				5A7A54BB26C144F30015CA43 /* Release */,
			);
			defaultConfigurationIsVisible = 0;
			defaultConfigurationName = Release;
		};
/* End XCConfigurationList section */
	};
	rootObject = 5A7A549D26C144EE0015CA43 /* Project object */;
}
